
Microsoft Visual Studio Solution File, Format Version 12.00
# Visual Studio 15
VisualStudioVersion = 15.0.26730.12
MinimumVisualStudioVersion = 10.0.40219.1
Project("{9A19103F-16F7-4668-BE54-9A1E7A4F7556}") = "websocket-sharp-core", "websocket-sharp-core.csproj", "{F4FD2BA8-46A8-420A-8700-0076DC8E563A}"
EndProject
Global
	GlobalSection(SolutionConfigurationPlatforms) = preSolution
		Debug|Any CPU = Debug|Any CPU
		Release|Any CPU = Release|Any CPU
	EndGlobalSection
	GlobalSection(ProjectConfigurationPlatforms) = postSolution
		{F4FD2BA8-46A8-420A-8700-0076DC8E563A}.Debug|Any CPU.ActiveCfg = Debug|Any CPU
		{F4FD2BA8-46A8-420A-8700-0076DC8E563A}.Debug|Any CPU.Build.0 = Debug|Any CPU
		{F4FD2BA8-46A8-420A-8700-0076DC8E563A}.Release|Any CPU.ActiveCfg = Release|Any CPU
		{F4FD2BA8-46A8-420A-8700-0076DC8E563A}.Release|Any CPU.Build.0 = Release|Any CPU
	EndGlobalSection
	GlobalSection(SolutionProperties) = preSolution
		HideSolutionNode = FALSE
	EndGlobalSection
	GlobalSection(ExtensibilityGlobals) = postSolution
		SolutionGuid = {1986D51E-1FD2-4417-A21F-B182A7AC91B1}
	EndGlobalSection
EndGlobal
